
Microsoft Visual Studio Solution File, Format Version 12.00
# Visual Studio 2012
Project("{FAE04EC0-301F-11D3-BF4B-00C04F79EFBC}") = "CsharpThreads", "CsharpThreads.csproj", "{B797B634-1A7A-4AC2-A6D0-1C9AD4096FFF}"
EndProject
Global
	GlobalSection(SolutionConfigurationPlatforms) = preSolution
		Debug|Any CPU = Debug|Any CPU
		Release|Any CPU = Release|Any CPU
	EndGlobalSection
	GlobalSection(ProjectConfigurationPlatforms) = postSolution
		{B797B634-1A7A-4AC2-A6D0-1C9AD4096FFF}.Debug|Any CPU.ActiveCfg = Debug|Any CPU
		{B797B634-1A7A-4AC2-A6D0-1C9AD4096FFF}.Debug|Any CPU.Build.0 = Debug|Any CPU
		{B797B634-1A7A-4AC2-A6D0-1C9AD4096FFF}.Release|Any CPU.ActiveCfg = Release|Any CPU
		{B797B634-1A7A-4AC2-A6D0-1C9AD4096FFF}.Release|Any CPU.Build.0 = Release|Any CPU
	EndGlobalSection
	GlobalSection(SolutionProperties) = preSolution
		HideSolutionNode = FALSE
	EndGlobalSection
EndGlobal
